
Microsoft Visual Studio Solution File, Format Version 12.00
# Visual Studio Version 16
VisualStudioVersion = 16.0.33529.622
MinimumVisualStudioVersion = 10.0.40219.1
Project("{9A19103F-16F7-4668-BE54-9A1E7A4F7556}") = "TestOS", "TestOS.csproj", "{81D7DD30-C0FC-4509-B344-6B10DF95E221}"
EndProject
Global
	GlobalSection(SolutionConfigurationPlatforms) = preSolution
		Debug|Any CPU = Debug|Any CPU
		Release|Any CPU = Release|Any CPU
	EndGlobalSection
	GlobalSection(ProjectConfigurationPlatforms) = postSolution
		{81D7DD30-C0FC-4509-B344-6B10DF95E221}.Debug|Any CPU.ActiveCfg = Debug|Any CPU
		{81D7DD30-C0FC-4509-B344-6B10DF95E221}.Debug|Any CPU.Build.0 = Debug|Any CPU
		{81D7DD30-C0FC-4509-B344-6B10DF95E221}.Release|Any CPU.ActiveCfg = Release|Any CPU
		{81D7DD30-C0FC-4509-B344-6B10DF95E221}.Release|Any CPU.Build.0 = Release|Any CPU
	EndGlobalSection
	GlobalSection(SolutionProperties) = preSolution
		HideSolutionNode = FALSE
	EndGlobalSection
	GlobalSection(ExtensibilityGlobals) = postSolution
		SolutionGuid = {E5907379-177C-4FEE-97FF-C29E30E46514}
	EndGlobalSection
EndGlobal
